
Microsoft Visual Studio Solution File, Format Version 12.00
# Visual Studio Version 16
VisualStudioVersion = 16.0.32228.343
MinimumVisualStudioVersion = 10.0.40219.1
Project("{FAE04EC0-301F-11D3-BF4B-00C04F79EFBC}") = "Assembly-CSharp", "Assembly-CSharp.csproj", "{6D32089A-9350-8828-2BB9-93C5ADEA494E}"
EndProject
Project("{FAE04EC0-301F-11D3-BF4B-00C04F79EFBC}") = "Assembly-CSharp-Editor", "Assembly-CSharp-Editor.csproj", "{AE08325C-2143-F8AE-C6AC-89D65B92157D}"
EndProject
Global
	GlobalSection(SolutionConfigurationPlatforms) = preSolution
		Debug|Any CPU = Debug|Any CPU
		Release|Any CPU = Release|Any CPU
	EndGlobalSection
	GlobalSection(ProjectConfigurationPlatforms) = postSolution
		{6D32089A-9350-8828-2BB9-93C5ADEA494E}.Debug|Any CPU.ActiveCfg = Debug|Any CPU
		{6D32089A-9350-8828-2BB9-93C5ADEA494E}.Debug|Any CPU.Build.0 = Debug|Any CPU
		{6D32089A-9350-8828-2BB9-93C5ADEA494E}.Release|Any CPU.ActiveCfg = Release|Any CPU
		{6D32089A-9350-8828-2BB9-93C5ADEA494E}.Release|Any CPU.Build.0 = Release|Any CPU
		{AE08325C-2143-F8AE-C6AC-89D65B92157D}.Debug|Any CPU.ActiveCfg = Debug|Any CPU
		{AE08325C-2143-F8AE-C6AC-89D65B92157D}.Debug|Any CPU.Build.0 = Debug|Any CPU
		{AE08325C-2143-F8AE-C6AC-89D65B92157D}.Release|Any CPU.ActiveCfg = Release|Any CPU
		{AE08325C-2143-F8AE-C6AC-89D65B92157D}.Release|Any CPU.Build.0 = Release|Any CPU
	EndGlobalSection
	GlobalSection(SolutionProperties) = preSolution
		HideSolutionNode = FALSE
	EndGlobalSection
	GlobalSection(ExtensibilityGlobals) = postSolution
		SolutionGuid = {7895BABD-5594-4505-93F4-F903B45B04DE}
	EndGlobalSection
EndGlobal
